{
    "_readme": [
        "This file locks the dependencies of your project to a known state",
        "Read more about it at https://getcomposer.org/doc/01-basic-usage.md#installing-dependencies",
        "This file is @generated automatically"
    ],
    "content-hash": "97b12870c2ed80ff4e8faf2a4f5eb6e0",
    "packages": [],
    "packages-dev": [
        {
            "name": "laravel/pint",
            "version": "v1.9.0",
            "source": {
                "type": "git",
                "url": "https://github.com/laravel/pint.git",
                "reference": "eac5ec3d6b5c96543c682e309a10fdddc9f61d80"
            },
            "dist": {
                "type": "zip",
                "url": "https://api.github.com/repos/laravel/pint/zipball/eac5ec3d6b5c96543c682e309a10fdddc9f61d80",
                "reference": "eac5ec3d6b5c96543c682e309a10fdddc9f61d80",
                "shasum": ""
            },
            "require": {
                "ext-json": "*",
                "ext-mbstring": "*",
                "ext-tokenizer": "*",
                "ext-xml": "*",
                "php": "^8.1.0"
            },
            "require-dev": {
                "friendsofphp/php-cs-fixer": "^3.16.0",
                "illuminate/view": "^10.5.1",
                "laravel-zero/framework": "^10.0.2",
                "mockery/mockery": "^1.5.1",
                "nunomaduro/larastan": "^2.5.1",
                "nunomaduro/termwind": "^1.15.1",
                "pestphp/pest": "^2.4.0"
            },
            "bin": [
                "builds/pint"
            ],
            "type": "project",
            "autoload": {
                "psr-4": {
                    "App\\": "app/",
                    "Database\\Seeders\\": "database/seeders/",
                    "Database\\Factories\\": "database/factories/"
                }
            },
            "notification-url": "https://packagist.org/downloads/",
            "license": [
                "MIT"
            ],
            "authors": [
                {
                    "name": "Nuno Maduro",
                    "email": "enunomaduro@gmail.com"
                }
            ],
            "description": "An opinionated code formatter for PHP.",
            "homepage": "https://laravel.com",
            "keywords": [
                "format",
                "formatter",
                "lint",
                "linter",
                "php"
            ],
            "support": {
                "issues": "https://github.com/laravel/pint/issues",
                "source": "https://github.com/laravel/pint"
            },
            "time": "2023-04-18T14:50:44+00:00"
        },
        {
            "name": "phpstan/phpstan",
            "version": "1.10.26",
            "source": {
                "type": "git",
                "url": "https://github.com/phpstan/phpstan.git",
                "reference": "5d660cbb7e1b89253a47147ae44044f49832351f"
            },
            "dist": {
                "type": "zip",
                "url": "https://api.github.com/repos/phpstan/phpstan/zipball/5d660cbb7e1b89253a47147ae44044f49832351f",
                "reference": "5d660cbb7e1b89253a47147ae44044f49832351f",
                "shasum": ""
            },
            "require": {
                "php": "^7.2|^8.0"
            },
            "conflict": {
                "phpstan/phpstan-shim": "*"
            },
            "bin": [
                "phpstan",
                "phpstan.phar"
            ],
            "type": "library",
            "autoload": {
                "files": [
                    "bootstrap.php"
                ]
            },
            "notification-url": "https://packagist.org/downloads/",
            "license": [
                "MIT"
            ],
            "description": "PHPStan - PHP Static Analysis Tool",
            "keywords": [
                "dev",
                "static analysis"
            ],
            "support": {
                "docs": "https://phpstan.org/user-guide/getting-started",
                "forum": "https://github.com/phpstan/phpstan/discussions",
                "issues": "https://github.com/phpstan/phpstan/issues",
                "security": "https://github.com/phpstan/phpstan/security/policy",
                "source": "https://github.com/phpstan/phpstan-src"
            },
            "funding": [
                {
                    "url": "https://github.com/ondrejmirtes",
                    "type": "github"
                },
                {
                    "url": "https://github.com/phpstan",
                    "type": "github"
                },
                {
                    "url": "https://tidelift.com/funding/github/packagist/phpstan/phpstan",
                    "type": "tidelift"
                }
            ],
            "time": "2023-07-19T12:44:37+00:00"
        },
        {
            "name": "psalm/phar",
            "version": "5.13.1",
            "source": {
                "type": "git",
                "url": "https://github.com/psalm/phar.git",
                "reference": "2107e3e98b25b93cb366dc601d1190af102431a5"
            },
            "dist": {
                "type": "zip",
                "url": "https://api.github.com/repos/psalm/phar/zipball/2107e3e98b25b93cb366dc601d1190af102431a5",
                "reference": "2107e3e98b25b93cb366dc601d1190af102431a5",
                "shasum": ""
            },
            "require": {
                "php": "^7.1 || ^8.0"
            },
            "conflict": {
                "vimeo/psalm": "*"
            },
            "bin": [
                "psalm.phar"
            ],
            "type": "library",
            "notification-url": "https://packagist.org/downloads/",
            "license": [
                "MIT"
            ],
            "description": "Composer-based Psalm Phar",
            "support": {
                "issues": "https://github.com/psalm/phar/issues",
                "source": "https://github.com/psalm/phar/tree/5.13.1"
            },
            "time": "2023-06-27T17:20:37+00:00"
        },
        {
            "name": "swew/dd",
            "version": "v1.3.0",
            "source": {
                "type": "git",
                "url": "https://github.com/swew-app/dd.git",
                "reference": "84190be93662296d35dbfb4843714f5deabf8f26"
            },
            "dist": {
                "type": "zip",
                "url": "https://api.github.com/repos/swew-app/dd/zipball/84190be93662296d35dbfb4843714f5deabf8f26",
                "reference": "84190be93662296d35dbfb4843714f5deabf8f26",
                "shasum": ""
            },
            "type": "library",
            "autoload": {
                "files": [
                    "src/dd.php"
                ]
            },
            "notification-url": "https://packagist.org/downloads/",
            "license": [
                "MIT"
            ],
            "authors": [
                {
                    "name": "AVIL13",
                    "email": "avil@swew.app"
                }
            ],
            "description": "The simplest way to debug variables. As in Laravel.",
            "support": {
                "issues": "https://github.com/swew-app/dd/issues",
                "source": "https://github.com/swew-app/dd/tree/v1.3.0"
            },
            "time": "2023-03-19T15:14:34+00:00"
        }
    ],
    "aliases": [],
    "minimum-stability": "dev",
    "stability-flags": [],
    "prefer-stable": true,
    "prefer-lowest": false,
    "platform": {
        "php": ">=8.1"
    },
    "platform-dev": [],
    "platform-overrides": {
        "php": "8.1"
    },
    "plugin-api-version": "2.3.0"
}
