{
    "_readme": [
        "This file locks the dependencies of your project to a known state",
        "Read more about it at https://getcomposer.org/doc/01-basic-usage.md#installing-dependencies",
        "This file is @generated automatically"
    ],
    "content-hash": "1e2b6f7e90e0216ee092bcff93fef063",
    "packages": [],
    "packages-dev": [
        {
            "name": "laravel/pint",
            "version": "v1.9.0",
            "source": {
                "type": "git",
                "url": "https://github.com/laravel/pint.git",
                "reference": "eac5ec3d6b5c96543c682e309a10fdddc9f61d80"
            },
            "dist": {
                "type": "zip",
                "url": "https://api.github.com/repos/laravel/pint/zipball/eac5ec3d6b5c96543c682e309a10fdddc9f61d80",
                "reference": "eac5ec3d6b5c96543c682e309a10fdddc9f61d80",
                "shasum": ""
            },
            "require": {
                "ext-json": "*",
                "ext-mbstring": "*",
                "ext-tokenizer": "*",
                "ext-xml": "*",
                "php": "^8.1.0"
            },
            "require-dev": {
                "friendsofphp/php-cs-fixer": "^3.16.0",
                "illuminate/view": "^10.5.1",
                "laravel-zero/framework": "^10.0.2",
                "mockery/mockery": "^1.5.1",
                "nunomaduro/larastan": "^2.5.1",
                "nunomaduro/termwind": "^1.15.1",
                "pestphp/pest": "^2.4.0"
            },
            "bin": [
                "builds/pint"
            ],
            "type": "project",
            "autoload": {
                "psr-4": {
                    "App\\": "app/",
                    "Database\\Seeders\\": "database/seeders/",
                    "Database\\Factories\\": "database/factories/"
                }
            },
            "notification-url": "https://packagist.org/downloads/",
            "license": [
                "MIT"
            ],
            "authors": [
                {
                    "name": "Nuno Maduro",
                    "email": "enunomaduro@gmail.com"
                }
            ],
            "description": "An opinionated code formatter for PHP.",
            "homepage": "https://laravel.com",
            "keywords": [
                "format",
                "formatter",
                "lint",
                "linter",
                "php"
            ],
            "support": {
                "issues": "https://github.com/laravel/pint/issues",
                "source": "https://github.com/laravel/pint"
            },
            "time": "2023-04-18T14:50:44+00:00"
        },
        {
            "name": "phpstan/phpstan",
            "version": "1.10.14",
            "source": {
                "type": "git",
                "url": "https://github.com/phpstan/phpstan.git",
                "reference": "d232901b09e67538e5c86a724be841bea5768a7c"
            },
            "dist": {
                "type": "zip",
                "url": "https://api.github.com/repos/phpstan/phpstan/zipball/d232901b09e67538e5c86a724be841bea5768a7c",
                "reference": "d232901b09e67538e5c86a724be841bea5768a7c",
                "shasum": ""
            },
            "require": {
                "php": "^7.2|^8.0"
            },
            "conflict": {
                "phpstan/phpstan-shim": "*"
            },
            "bin": [
                "phpstan",
                "phpstan.phar"
            ],
            "type": "library",
            "autoload": {
                "files": [
                    "bootstrap.php"
                ]
            },
            "notification-url": "https://packagist.org/downloads/",
            "license": [
                "MIT"
            ],
            "description": "PHPStan - PHP Static Analysis Tool",
            "keywords": [
                "dev",
                "static analysis"
            ],
            "support": {
                "docs": "https://phpstan.org/user-guide/getting-started",
                "forum": "https://github.com/phpstan/phpstan/discussions",
                "issues": "https://github.com/phpstan/phpstan/issues",
                "security": "https://github.com/phpstan/phpstan/security/policy",
                "source": "https://github.com/phpstan/phpstan-src"
            },
            "funding": [
                {
                    "url": "https://github.com/ondrejmirtes",
                    "type": "github"
                },
                {
                    "url": "https://github.com/phpstan",
                    "type": "github"
                },
                {
                    "url": "https://tidelift.com/funding/github/packagist/phpstan/phpstan",
                    "type": "tidelift"
                }
            ],
            "time": "2023-04-19T13:47:27+00:00"
        },
        {
            "name": "psalm/phar",
            "version": "5.9.0",
            "source": {
                "type": "git",
                "url": "https://github.com/psalm/phar.git",
                "reference": "5bb492553ca2e2a1be60922693f3b23ecacd3cae"
            },
            "dist": {
                "type": "zip",
                "url": "https://api.github.com/repos/psalm/phar/zipball/5bb492553ca2e2a1be60922693f3b23ecacd3cae",
                "reference": "5bb492553ca2e2a1be60922693f3b23ecacd3cae",
                "shasum": ""
            },
            "require": {
                "php": "^7.1 || ^8.0"
            },
            "conflict": {
                "vimeo/psalm": "*"
            },
            "bin": [
                "psalm.phar"
            ],
            "type": "library",
            "notification-url": "https://packagist.org/downloads/",
            "license": [
                "MIT"
            ],
            "description": "Composer-based Psalm Phar",
            "support": {
                "issues": "https://github.com/psalm/phar/issues",
                "source": "https://github.com/psalm/phar/tree/5.9.0"
            },
            "time": "2023-03-30T06:06:28+00:00"
        },
        {
            "name": "swew/dd",
            "version": "v1.3.0",
            "source": {
                "type": "git",
                "url": "https://github.com/swew-app/dd.git",
                "reference": "84190be93662296d35dbfb4843714f5deabf8f26"
            },
            "dist": {
                "type": "zip",
                "url": "https://api.github.com/repos/swew-app/dd/zipball/84190be93662296d35dbfb4843714f5deabf8f26",
                "reference": "84190be93662296d35dbfb4843714f5deabf8f26",
                "shasum": ""
            },
            "type": "library",
            "autoload": {
                "files": [
                    "src/dd.php"
                ]
            },
            "notification-url": "https://packagist.org/downloads/",
            "license": [
                "MIT"
            ],
            "authors": [
                {
                    "name": "AVIL13",
                    "email": "avil@swew.app"
                }
            ],
            "description": "The simplest way to debug variables. As in Laravel.",
            "support": {
                "issues": "https://github.com/swew-app/dd/issues",
                "source": "https://github.com/swew-app/dd/tree/v1.3.0"
            },
            "time": "2023-03-19T15:14:34+00:00"
        },
        {
            "name": "swew/test",
            "version": "v1.3.1",
            "source": {
                "type": "git",
                "url": "https://github.com/swew-app/test.git",
                "reference": "0120d038061b2ccb9f4b1807870e9b8bc6cd4091"
            },
            "dist": {
                "type": "zip",
                "url": "https://api.github.com/repos/swew-app/test/zipball/0120d038061b2ccb9f4b1807870e9b8bc6cd4091",
                "reference": "0120d038061b2ccb9f4b1807870e9b8bc6cd4091",
                "shasum": ""
            },
            "require": {
                "php": ">=8.1",
                "swew/dd": "^1.3"
            },
            "require-dev": {
                "laravel/pint": "v1.9.0",
                "phpstan/phpstan": "^1.10.14",
                "psalm/phar": "^5.9.0"
            },
            "bin": [
                "bin/t"
            ],
            "type": "library",
            "extra": {
                "branch-alias": {
                    "dev-master": "1.x-dev"
                }
            },
            "autoload": {
                "files": [
                    "src/Functions.php"
                ],
                "psr-4": {
                    "Swew\\Test\\": "src/"
                },
                "exclude-from-classmap": [
                    "spec",
                    "/Tests/",
                    "/test/",
                    "/tests/"
                ]
            },
            "notification-url": "https://packagist.org/downloads/",
            "license": [
                "MIT"
            ],
            "authors": [
                {
                    "name": "AVIL13",
                    "email": "avil@swew.app"
                }
            ],
            "description": "A test framework that is designed to fix the fatal flaw of other test frameworks.",
            "keywords": [
                "TDD",
                "fast",
                "informative interface",
                "lightweight",
                "testing"
            ],
            "support": {
                "issues": "https://github.com/swew-app/test/issues",
                "source": "https://github.com/swew-app/test/tree/v1.3.1"
            },
            "time": "2023-04-20T11:58:58+00:00"
        }
    ],
    "aliases": [],
    "minimum-stability": "dev",
    "stability-flags": [],
    "prefer-stable": true,
    "prefer-lowest": false,
    "platform": {
        "php": ">=8.1"
    },
    "platform-dev": [],
    "platform-overrides": {
        "php": "8.1"
    },
    "plugin-api-version": "2.3.0"
}
